
Microsoft Visual Studio Solution File, Format Version 12.00
# Visual Studio Version 17
VisualStudioVersion = 17.9.34622.214
MinimumVisualStudioVersion = 10.0.40219.1
Project("{FAE04EC0-301F-11D3-BF4B-00C04F79EFBC}") = "Aplikasi_SPK_Kepuasan_Pasien", "Aplikasi_SPK_Kepuasan_Pasien\Aplikasi_SPK_Kepuasan_Pasien.csproj", "{D60BA987-D714-4932-965C-BD790E816EC2}"
EndProject
Global
	GlobalSection(SolutionConfigurationPlatforms) = preSolution
		Debug|Any CPU = Debug|Any CPU
		Release|Any CPU = Release|Any CPU
	EndGlobalSection
	GlobalSection(ProjectConfigurationPlatforms) = postSolution
		{D60BA987-D714-4932-965C-BD790E816EC2}.Debug|Any CPU.ActiveCfg = Debug|Any CPU
		{D60BA987-D714-4932-965C-BD790E816EC2}.Debug|Any CPU.Build.0 = Debug|Any CPU
		{D60BA987-D714-4932-965C-BD790E816EC2}.Release|Any CPU.ActiveCfg = Release|Any CPU
		{D60BA987-D714-4932-965C-BD790E816EC2}.Release|Any CPU.Build.0 = Release|Any CPU
	EndGlobalSection
	GlobalSection(SolutionProperties) = preSolution
		HideSolutionNode = FALSE
	EndGlobalSection
	GlobalSection(ExtensibilityGlobals) = postSolution
		SolutionGuid = {51071462-2D07-457C-8059-FD624A6E2176}
	EndGlobalSection
EndGlobal
